
Microsoft Visual Studio Solution File, Format Version 12.00
# Visual Studio 15
VisualStudioVersion = 15.0.28307.421
MinimumVisualStudioVersion = 10.0.40219.1
Project("{FAE04EC0-301F-11D3-BF4B-00C04F79EFBC}") = "hr", "hr\hr.csproj", "{C54E99E7-9C11-4CDF-884D-A1ABB9E3E5D5}"
EndProject
Global
	GlobalSection(SolutionConfigurationPlatforms) = preSolution
		Debug|Any CPU = Debug|Any CPU
		Release|Any CPU = Release|Any CPU
	EndGlobalSection
	GlobalSection(ProjectConfigurationPlatforms) = postSolution
		{C54E99E7-9C11-4CDF-884D-A1ABB9E3E5D5}.Debug|Any CPU.ActiveCfg = Debug|Any CPU
		{C54E99E7-9C11-4CDF-884D-A1ABB9E3E5D5}.Debug|Any CPU.Build.0 = Debug|Any CPU
		{C54E99E7-9C11-4CDF-884D-A1ABB9E3E5D5}.Release|Any CPU.ActiveCfg = Release|Any CPU
		{C54E99E7-9C11-4CDF-884D-A1ABB9E3E5D5}.Release|Any CPU.Build.0 = Release|Any CPU
	EndGlobalSection
	GlobalSection(SolutionProperties) = preSolution
		HideSolutionNode = FALSE
	EndGlobalSection
	GlobalSection(ExtensibilityGlobals) = postSolution
		SolutionGuid = {250E27AC-A4EB-42F6-875C-B2C153FD7CB1}
	EndGlobalSection
EndGlobal
